// !$*UTF8*$!
{
	archiveVersion = 1;
	classes = {
	};
	objectVersion = 46;
	objects = {

/* Begin PBXBuildFile section */
		722B11E919B45AE5009613B8 /* Foundation.framework in Frameworks */ = {isa = PBXBuildFile; fileRef = 722B11E819B45AE5009613B8 /* Foundation.framework */; };
		722B11EB19B45AE5009613B8 /* CoreGraphics.framework in Frameworks */ = {isa = PBXBuildFile; fileRef = 722B11EA19B45AE5009613B8 /* CoreGraphics.framework */; };
		722B11ED19B45AE5009613B8 /* UIKit.framework in Frameworks */ = {isa = PBXBuildFile; fileRef = 722B11EC19B45AE5009613B8 /* UIKit.framework */; };
		722B11F319B45AE5009613B8 /* InfoPlist.strings in Resources */ = {isa = PBXBuildFile; fileRef = 722B11F119B45AE5009613B8 /* InfoPlist.strings */; };
		722B11F519B45AE5009613B8 /* main.m in Sources */ = {isa = PBXBuildFile; fileRef = 722B11F419B45AE5009613B8 /* main.m */; };
		722B11F919B45AE5009613B8 /* AppDelegate.m in Sources */ = {isa = PBXBuildFile; fileRef = 722B11F819B45AE5009613B8 /* AppDelegate.m */; };
		722B11FC19B45AE5009613B8 /* Main.storyboard in Resources */ = {isa = PBXBuildFile; fileRef = 722B11FA19B45AE5009613B8 /* Main.storyboard */; };
		722B120119B45AE5009613B8 /* Images.xcassets in Resources */ = {isa = PBXBuildFile; fileRef = 722B120019B45AE5009613B8 /* Images.xcassets */; };
		722B120819B45AE5009613B8 /* XCTest.framework in Frameworks */ = {isa = PBXBuildFile; fileRef = 722B120719B45AE5009613B8 /* XCTest.framework */; };
		722B120919B45AE5009613B8 /* Foundation.framework in Frameworks */ = {isa = PBXBuildFile; fileRef = 722B11E819B45AE5009613B8 /* Foundation.framework */; };
		722B120A19B45AE5009613B8 /* UIKit.framework in Frameworks */ = {isa = PBXBuildFile; fileRef = 722B11EC19B45AE5009613B8 /* UIKit.framework */; };
		722B121219B45AE5009613B8 /* InfoPlist.strings in Resources */ = {isa = PBXBuildFile; fileRef = 722B121019B45AE5009613B8 /* InfoPlist.strings */; };
		722B121419B45AE5009613B8 /* LibraryTests.m in Sources */ = {isa = PBXBuildFile; fileRef = 722B121319B45AE5009613B8 /* LibraryTests.m */; };
		7233434F19B56D3B0039720C /* AddStudentViewController.m in Sources */ = {isa = PBXBuildFile; fileRef = 7233434E19B56D3B0039720C /* AddStudentViewController.m */; };
		72D2356E19B589A9003963E5 /* AddBookManualViewController.m in Sources */ = {isa = PBXBuildFile; fileRef = 72D2356D19B589A9003963E5 /* AddBookManualViewController.m */; };
		72D2357119B58F22003963E5 /* BookDetailViewController.m in Sources */ = {isa = PBXBuildFile; fileRef = 72D2357019B58F22003963E5 /* BookDetailViewController.m */; };
		72D2357419B58F37003963E5 /* CheckOutBookViewController.m in Sources */ = {isa = PBXBuildFile; fileRef = 72D2357319B58F37003963E5 /* CheckOutBookViewController.m */; };
		8C14561B19B5547B009616DE /* LoginViewController.m in Sources */ = {isa = PBXBuildFile; fileRef = 8C14560E19B5547B009616DE /* LoginViewController.m */; };
		8C14561C19B5547B009616DE /* HomeViewController.m in Sources */ = {isa = PBXBuildFile; fileRef = 8C14561319B5547B009616DE /* HomeViewController.m */; };
		8C14561D19B5547B009616DE /* SettingsViewController.m in Sources */ = {isa = PBXBuildFile; fileRef = 8C14561619B5547B009616DE /* SettingsViewController.m */; };
		8C14561E19B5547B009616DE /* SignUpViewController.m in Sources */ = {isa = PBXBuildFile; fileRef = 8C14561A19B5547B009616DE /* SignUpViewController.m */; };
		8C14562219B554DB009616DE /* StudentsViewController.m in Sources */ = {isa = PBXBuildFile; fileRef = 8C14562119B554DB009616DE /* StudentsViewController.m */; };
		8C14562519B5552B009616DE /* BooksViewController.m in Sources */ = {isa = PBXBuildFile; fileRef = 8C14562419B5552B009616DE /* BooksViewController.m */; };
		8C14562719B55A1C009616DE /* QuartzCore.framework in Frameworks */ = {isa = PBXBuildFile; fileRef = 8C14562619B55A1C009616DE /* QuartzCore.framework */; };
		8C325EAC19C4C238005838A6 /* Bolts.framework in Frameworks */ = {isa = PBXBuildFile; fileRef = 8C325EA919C4C238005838A6 /* Bolts.framework */; };
		8C325EAD19C4C238005838A6 /* Parse.framework in Frameworks */ = {isa = PBXBuildFile; fileRef = 8C325EAA19C4C238005838A6 /* Parse.framework */; };
		8C325EAE19C4C238005838A6 /* ParseFacebookUtils.framework in Frameworks */ = {isa = PBXBuildFile; fileRef = 8C325EAB19C4C238005838A6 /* ParseFacebookUtils.framework */; };
		B41FABEF19C341430015A624 /* CheckOutModalViewController.m in Sources */ = {isa = PBXBuildFile; fileRef = B41FABEE19C341430015A624 /* CheckOutModalViewController.m */; };
		B451E2A719C2011B0041E88C /* UIButton+AppButton.m in Sources */ = {isa = PBXBuildFile; fileRef = B451E2A619C2011B0041E88C /* UIButton+AppButton.m */; };
		B451E2AD19C20F010041E88C /* CheckInModalViewController.m in Sources */ = {isa = PBXBuildFile; fileRef = B451E2AC19C20F010041E88C /* CheckInModalViewController.m */; };
		B47034F619CB29B900139B00 /* StudentCell.m in Sources */ = {isa = PBXBuildFile; fileRef = B47034F519CB29B900139B00 /* StudentCell.m */; };
		B4D042AB19D06B7A003B76BE /* BookCell.m in Sources */ = {isa = PBXBuildFile; fileRef = B4D042AA19D06B7A003B76BE /* BookCell.m */; };
		B4DD987819CC2E0A009A0D83 /* StudentDetailViewController.m in Sources */ = {isa = PBXBuildFile; fileRef = B4DD987719CC2E0A009A0D83 /* StudentDetailViewController.m */; };
		B4F1452F19C73870005B595E /* Utilties.m in Sources */ = {isa = PBXBuildFile; fileRef = B4F1452E19C73870005B595E /* Utilties.m */; };
		B4F9216B19C541090005C612 /* AudioToolbox.framework in Frameworks */ = {isa = PBXBuildFile; fileRef = B4F9216A19C541090005C612 /* AudioToolbox.framework */; };
		B4F9216D19C541130005C612 /* CFNetwork.framework in Frameworks */ = {isa = PBXBuildFile; fileRef = B4F9216C19C541130005C612 /* CFNetwork.framework */; };
		B4F9216F19C5412A0005C612 /* CoreLocation.framework in Frameworks */ = {isa = PBXBuildFile; fileRef = B4F9216E19C5412A0005C612 /* CoreLocation.framework */; };
		B4F9217119C541470005C612 /* libz.dylib in Frameworks */ = {isa = PBXBuildFile; fileRef = B4F9217019C541470005C612 /* libz.dylib */; };
		B4F9217319C541520005C612 /* MobileCoreServices.framework in Frameworks */ = {isa = PBXBuildFile; fileRef = B4F9217219C541520005C612 /* MobileCoreServices.framework */; };
		B4F9217519C5416A0005C612 /* Security.framework in Frameworks */ = {isa = PBXBuildFile; fileRef = B4F9217419C5416A0005C612 /* Security.framework */; };
		B4F9217719C541720005C612 /* StoreKit.framework in Frameworks */ = {isa = PBXBuildFile; fileRef = B4F9217619C541720005C612 /* StoreKit.framework */; };
		B4F9217919C5417C0005C612 /* SystemConfiguration.framework in Frameworks */ = {isa = PBXBuildFile; fileRef = B4F9217819C5417C0005C612 /* SystemConfiguration.framework */; };
		BA0AA97419BF33FA00A19E24 /* CheckInBookViewController.m in Sources */ = {isa = PBXBuildFile; fileRef = BA0AA97319BF33FA00A19E24 /* CheckInBookViewController.m */; };
		BA0AA97719BF34B700A19E24 /* EditBookViewController.m in Sources */ = {isa = PBXBuildFile; fileRef = BA0AA97619BF34B600A19E24 /* EditBookViewController.m */; };
/* End PBXBuildFile section */

/* Begin PBXContainerItemProxy section */
		722B120B19B45AE5009613B8 /* PBXContainerItemProxy */ = {
			isa = PBXContainerItemProxy;
			containerPortal = 722B11DD19B45AE5009613B8 /* Project object */;
			proxyType = 1;
			remoteGlobalIDString = 722B11E419B45AE5009613B8;
			remoteInfo = Library;
		};
/* End PBXContainerItemProxy section */

/* Begin PBXFileReference section */
		722B11E519B45AE5009613B8 /* Library.app */ = {isa = PBXFileReference; explicitFileType = wrapper.application; includeInIndex = 0; path = Library.app; sourceTree = BUILT_PRODUCTS_DIR; };
		722B11E819B45AE5009613B8 /* Foundation.framework */ = {isa = PBXFileReference; lastKnownFileType = wrapper.framework; name = Foundation.framework; path = System/Library/Frameworks/Foundation.framework; sourceTree = SDKROOT; };
		722B11EA19B45AE5009613B8 /* CoreGraphics.framework */ = {isa = PBXFileReference; lastKnownFileType = wrapper.framework; name = CoreGraphics.framework; path = System/Library/Frameworks/CoreGraphics.framework; sourceTree = SDKROOT; };
		722B11EC19B45AE5009613B8 /* UIKit.framework */ = {isa = PBXFileReference; lastKnownFileType = wrapper.framework; name = UIKit.framework; path = System/Library/Frameworks/UIKit.framework; sourceTree = SDKROOT; };
		722B11F019B45AE5009613B8 /* Library-Info.plist */ = {isa = PBXFileReference; lastKnownFileType = text.plist.xml; path = "Library-Info.plist"; sourceTree = "<group>"; };
		722B11F219B45AE5009613B8 /* en */ = {isa = PBXFileReference; lastKnownFileType = text.plist.strings; name = en; path = en.lproj/InfoPlist.strings; sourceTree = "<group>"; };
		722B11F419B45AE5009613B8 /* main.m */ = {isa = PBXFileReference; lastKnownFileType = sourcecode.c.objc; path = main.m; sourceTree = "<group>"; };
		722B11F619B45AE5009613B8 /* Library-Prefix.pch */ = {isa = PBXFileReference; lastKnownFileType = sourcecode.c.h; path = "Library-Prefix.pch"; sourceTree = "<group>"; };
		722B11F719B45AE5009613B8 /* AppDelegate.h */ = {isa = PBXFileReference; lastKnownFileType = sourcecode.c.h; path = AppDelegate.h; sourceTree = "<group>"; };
		722B11F819B45AE5009613B8 /* AppDelegate.m */ = {isa = PBXFileReference; lastKnownFileType = sourcecode.c.objc; path = AppDelegate.m; sourceTree = "<group>"; };
		722B11FB19B45AE5009613B8 /* Base */ = {isa = PBXFileReference; lastKnownFileType = file.storyboard; name = Base; path = Base.lproj/Main.storyboard; sourceTree = "<group>"; };
		722B120019B45AE5009613B8 /* Images.xcassets */ = {isa = PBXFileReference; lastKnownFileType = folder.assetcatalog; path = Images.xcassets; sourceTree = "<group>"; };
		722B120619B45AE5009613B8 /* LibraryTests.xctest */ = {isa = PBXFileReference; explicitFileType = wrapper.cfbundle; includeInIndex = 0; path = LibraryTests.xctest; sourceTree = BUILT_PRODUCTS_DIR; };
		722B120719B45AE5009613B8 /* XCTest.framework */ = {isa = PBXFileReference; lastKnownFileType = wrapper.framework; name = XCTest.framework; path = Library/Frameworks/XCTest.framework; sourceTree = DEVELOPER_DIR; };
		722B120F19B45AE5009613B8 /* LibraryTests-Info.plist */ = {isa = PBXFileReference; lastKnownFileType = text.plist.xml; path = "LibraryTests-Info.plist"; sourceTree = "<group>"; };
		722B121119B45AE5009613B8 /* en */ = {isa = PBXFileReference; lastKnownFileType = text.plist.strings; name = en; path = en.lproj/InfoPlist.strings; sourceTree = "<group>"; };
		722B121319B45AE5009613B8 /* LibraryTests.m */ = {isa = PBXFileReference; lastKnownFileType = sourcecode.c.objc; path = LibraryTests.m; sourceTree = "<group>"; };
		7233434D19B56D3B0039720C /* AddStudentViewController.h */ = {isa = PBXFileReference; fileEncoding = 4; lastKnownFileType = sourcecode.c.h; path = AddStudentViewController.h; sourceTree = "<group>"; };
		7233434E19B56D3B0039720C /* AddStudentViewController.m */ = {isa = PBXFileReference; fileEncoding = 4; lastKnownFileType = sourcecode.c.objc; path = AddStudentViewController.m; sourceTree = "<group>"; };
		72D2356C19B589A9003963E5 /* AddBookManualViewController.h */ = {isa = PBXFileReference; fileEncoding = 4; lastKnownFileType = sourcecode.c.h; path = AddBookManualViewController.h; sourceTree = "<group>"; };
		72D2356D19B589A9003963E5 /* AddBookManualViewController.m */ = {isa = PBXFileReference; fileEncoding = 4; lastKnownFileType = sourcecode.c.objc; path = AddBookManualViewController.m; sourceTree = "<group>"; };
		72D2356F19B58F22003963E5 /* BookDetailViewController.h */ = {isa = PBXFileReference; fileEncoding = 4; lastKnownFileType = sourcecode.c.h; path = BookDetailViewController.h; sourceTree = "<group>"; };
		72D2357019B58F22003963E5 /* BookDetailViewController.m */ = {isa = PBXFileReference; fileEncoding = 4; lastKnownFileType = sourcecode.c.objc; path = BookDetailViewController.m; sourceTree = "<group>"; };
		72D2357219B58F37003963E5 /* CheckOutBookViewController.h */ = {isa = PBXFileReference; fileEncoding = 4; lastKnownFileType = sourcecode.c.h; path = CheckOutBookViewController.h; sourceTree = "<group>"; };
		72D2357319B58F37003963E5 /* CheckOutBookViewController.m */ = {isa = PBXFileReference; fileEncoding = 4; lastKnownFileType = sourcecode.c.objc; path = CheckOutBookViewController.m; sourceTree = "<group>"; };
		8C14560D19B5547B009616DE /* LoginViewController.h */ = {isa = PBXFileReference; fileEncoding = 4; lastKnownFileType = sourcecode.c.h; path = LoginViewController.h; sourceTree = "<group>"; };
		8C14560E19B5547B009616DE /* LoginViewController.m */ = {isa = PBXFileReference; fileEncoding = 4; lastKnownFileType = sourcecode.c.objc; path = LoginViewController.m; sourceTree = "<group>"; };
		8C14561219B5547B009616DE /* HomeViewController.h */ = {isa = PBXFileReference; fileEncoding = 4; lastKnownFileType = sourcecode.c.h; path = HomeViewController.h; sourceTree = "<group>"; };
		8C14561319B5547B009616DE /* HomeViewController.m */ = {isa = PBXFileReference; fileEncoding = 4; lastKnownFileType = sourcecode.c.objc; path = HomeViewController.m; sourceTree = "<group>"; };
		8C14561519B5547B009616DE /* SettingsViewController.h */ = {isa = PBXFileReference; fileEncoding = 4; lastKnownFileType = sourcecode.c.h; path = SettingsViewController.h; sourceTree = "<group>"; };
		8C14561619B5547B009616DE /* SettingsViewController.m */ = {isa = PBXFileReference; fileEncoding = 4; lastKnownFileType = sourcecode.c.objc; path = SettingsViewController.m; sourceTree = "<group>"; };
		8C14561919B5547B009616DE /* SignUpViewController.h */ = {isa = PBXFileReference; fileEncoding = 4; lastKnownFileType = sourcecode.c.h; path = SignUpViewController.h; sourceTree = "<group>"; };
		8C14561A19B5547B009616DE /* SignUpViewController.m */ = {isa = PBXFileReference; fileEncoding = 4; lastKnownFileType = sourcecode.c.objc; path = SignUpViewController.m; sourceTree = "<group>"; };
		8C14561F19B5549F009616DE /* Constants.h */ = {isa = PBXFileReference; fileEncoding = 4; lastKnownFileType = sourcecode.c.h; path = Constants.h; sourceTree = "<group>"; };
		8C14562019B554DB009616DE /* StudentsViewController.h */ = {isa = PBXFileReference; fileEncoding = 4; lastKnownFileType = sourcecode.c.h; path = StudentsViewController.h; sourceTree = "<group>"; };
		8C14562119B554DB009616DE /* StudentsViewController.m */ = {isa = PBXFileReference; fileEncoding = 4; lastKnownFileType = sourcecode.c.objc; path = StudentsViewController.m; sourceTree = "<group>"; };
		8C14562319B5552B009616DE /* BooksViewController.h */ = {isa = PBXFileReference; fileEncoding = 4; lastKnownFileType = sourcecode.c.h; path = BooksViewController.h; sourceTree = "<group>"; };
		8C14562419B5552B009616DE /* BooksViewController.m */ = {isa = PBXFileReference; fileEncoding = 4; lastKnownFileType = sourcecode.c.objc; path = BooksViewController.m; sourceTree = "<group>"; };
		8C14562619B55A1C009616DE /* QuartzCore.framework */ = {isa = PBXFileReference; lastKnownFileType = wrapper.framework; name = QuartzCore.framework; path = System/Library/Frameworks/QuartzCore.framework; sourceTree = SDKROOT; };
		8C325EA919C4C238005838A6 /* Bolts.framework */ = {isa = PBXFileReference; lastKnownFileType = wrapper.framework; name = Bolts.framework; path = "parse-library-1.3.0/Bolts.framework"; sourceTree = "<group>"; };
		8C325EAA19C4C238005838A6 /* Parse.framework */ = {isa = PBXFileReference; lastKnownFileType = wrapper.framework; name = Parse.framework; path = "parse-library-1.3.0/Parse.framework"; sourceTree = "<group>"; };
		8C325EAB19C4C238005838A6 /* ParseFacebookUtils.framework */ = {isa = PBXFileReference; lastKnownFileType = wrapper.framework; name = ParseFacebookUtils.framework; path = "parse-library-1.3.0/ParseFacebookUtils.framework"; sourceTree = "<group>"; };
		B41FABED19C341430015A624 /* CheckOutModalViewController.h */ = {isa = PBXFileReference; fileEncoding = 4; lastKnownFileType = sourcecode.c.h; path = CheckOutModalViewController.h; sourceTree = "<group>"; };
		B41FABEE19C341430015A624 /* CheckOutModalViewController.m */ = {isa = PBXFileReference; fileEncoding = 4; lastKnownFileType = sourcecode.c.objc; path = CheckOutModalViewController.m; sourceTree = "<group>"; };
		B451E2A519C2011B0041E88C /* UIButton+AppButton.h */ = {isa = PBXFileReference; fileEncoding = 4; lastKnownFileType = sourcecode.c.h; path = "UIButton+AppButton.h"; sourceTree = "<group>"; };
		B451E2A619C2011B0041E88C /* UIButton+AppButton.m */ = {isa = PBXFileReference; fileEncoding = 4; lastKnownFileType = sourcecode.c.objc; path = "UIButton+AppButton.m"; sourceTree = "<group>"; };
		B451E2AB19C20F010041E88C /* CheckInModalViewController.h */ = {isa = PBXFileReference; fileEncoding = 4; lastKnownFileType = sourcecode.c.h; path = CheckInModalViewController.h; sourceTree = "<group>"; };
		B451E2AC19C20F010041E88C /* CheckInModalViewController.m */ = {isa = PBXFileReference; fileEncoding = 4; lastKnownFileType = sourcecode.c.objc; path = CheckInModalViewController.m; sourceTree = "<group>"; };
		B47034F419CB29B900139B00 /* StudentCell.h */ = {isa = PBXFileReference; fileEncoding = 4; lastKnownFileType = sourcecode.c.h; path = StudentCell.h; sourceTree = "<group>"; };
		B47034F519CB29B900139B00 /* StudentCell.m */ = {isa = PBXFileReference; fileEncoding = 4; lastKnownFileType = sourcecode.c.objc; path = StudentCell.m; sourceTree = "<group>"; };
		B4D042A919D06B7A003B76BE /* BookCell.h */ = {isa = PBXFileReference; fileEncoding = 4; lastKnownFileType = sourcecode.c.h; path = BookCell.h; sourceTree = "<group>"; };
		B4D042AA19D06B7A003B76BE /* BookCell.m */ = {isa = PBXFileReference; fileEncoding = 4; lastKnownFileType = sourcecode.c.objc; path = BookCell.m; sourceTree = "<group>"; };
		B4DD987619CC2E0A009A0D83 /* StudentDetailViewController.h */ = {isa = PBXFileReference; fileEncoding = 4; lastKnownFileType = sourcecode.c.h; path = StudentDetailViewController.h; sourceTree = "<group>"; };
		B4DD987719CC2E0A009A0D83 /* StudentDetailViewController.m */ = {isa = PBXFileReference; fileEncoding = 4; lastKnownFileType = sourcecode.c.objc; path = StudentDetailViewController.m; sourceTree = "<group>"; };
		B4F1452D19C73870005B595E /* Utilties.h */ = {isa = PBXFileReference; fileEncoding = 4; lastKnownFileType = sourcecode.c.h; path = Utilties.h; sourceTree = "<group>"; };
		B4F1452E19C73870005B595E /* Utilties.m */ = {isa = PBXFileReference; fileEncoding = 4; lastKnownFileType = sourcecode.c.objc; path = Utilties.m; sourceTree = "<group>"; };
		B4F9216A19C541090005C612 /* AudioToolbox.framework */ = {isa = PBXFileReference; lastKnownFileType = wrapper.framework; name = AudioToolbox.framework; path = System/Library/Frameworks/AudioToolbox.framework; sourceTree = SDKROOT; };
		B4F9216C19C541130005C612 /* CFNetwork.framework */ = {isa = PBXFileReference; lastKnownFileType = wrapper.framework; name = CFNetwork.framework; path = System/Library/Frameworks/CFNetwork.framework; sourceTree = SDKROOT; };
		B4F9216E19C5412A0005C612 /* CoreLocation.framework */ = {isa = PBXFileReference; lastKnownFileType = wrapper.framework; name = CoreLocation.framework; path = System/Library/Frameworks/CoreLocation.framework; sourceTree = SDKROOT; };
		B4F9217019C541470005C612 /* libz.dylib */ = {isa = PBXFileReference; lastKnownFileType = "compiled.mach-o.dylib"; name = libz.dylib; path = usr/lib/libz.dylib; sourceTree = SDKROOT; };
		B4F9217219C541520005C612 /* MobileCoreServices.framework */ = {isa = PBXFileReference; lastKnownFileType = wrapper.framework; name = MobileCoreServices.framework; path = System/Library/Frameworks/MobileCoreServices.framework; sourceTree = SDKROOT; };
		B4F9217419C5416A0005C612 /* Security.framework */ = {isa = PBXFileReference; lastKnownFileType = wrapper.framework; name = Security.framework; path = System/Library/Frameworks/Security.framework; sourceTree = SDKROOT; };
		B4F9217619C541720005C612 /* StoreKit.framework */ = {isa = PBXFileReference; lastKnownFileType = wrapper.framework; name = StoreKit.framework; path = System/Library/Frameworks/StoreKit.framework; sourceTree = SDKROOT; };
		B4F9217819C5417C0005C612 /* SystemConfiguration.framework */ = {isa = PBXFileReference; lastKnownFileType = wrapper.framework; name = SystemConfiguration.framework; path = System/Library/Frameworks/SystemConfiguration.framework; sourceTree = SDKROOT; };
		BA0AA97219BF33FA00A19E24 /* CheckInBookViewController.h */ = {isa = PBXFileReference; fileEncoding = 4; lastKnownFileType = sourcecode.c.h; path = CheckInBookViewController.h; sourceTree = "<group>"; };
		BA0AA97319BF33FA00A19E24 /* CheckInBookViewController.m */ = {isa = PBXFileReference; fileEncoding = 4; lastKnownFileType = sourcecode.c.objc; path = CheckInBookViewController.m; sourceTree = "<group>"; };
		BA0AA97519BF34B600A19E24 /* EditBookViewController.h */ = {isa = PBXFileReference; fileEncoding = 4; lastKnownFileType = sourcecode.c.h; path = EditBookViewController.h; sourceTree = "<group>"; };
		BA0AA97619BF34B600A19E24 /* EditBookViewController.m */ = {isa = PBXFileReference; fileEncoding = 4; lastKnownFileType = sourcecode.c.objc; path = EditBookViewController.m; sourceTree = "<group>"; };
/* End PBXFileReference section */

/* Begin PBXFrameworksBuildPhase section */
		722B11E219B45AE5009613B8 /* Frameworks */ = {
			isa = PBXFrameworksBuildPhase;
			buildActionMask = 2147483647;
			files = (
				B4F9217919C5417C0005C612 /* SystemConfiguration.framework in Frameworks */,
				B4F9217719C541720005C612 /* StoreKit.framework in Frameworks */,
				B4F9217519C5416A0005C612 /* Security.framework in Frameworks */,
				8C14562719B55A1C009616DE /* QuartzCore.framework in Frameworks */,
				B4F9217319C541520005C612 /* MobileCoreServices.framework in Frameworks */,
				B4F9217119C541470005C612 /* libz.dylib in Frameworks */,
				B4F9216F19C5412A0005C612 /* CoreLocation.framework in Frameworks */,
				B4F9216D19C541130005C612 /* CFNetwork.framework in Frameworks */,
				B4F9216B19C541090005C612 /* AudioToolbox.framework in Frameworks */,
				8C325EAE19C4C238005838A6 /* ParseFacebookUtils.framework in Frameworks */,
				8C325EAC19C4C238005838A6 /* Bolts.framework in Frameworks */,
				722B11EB19B45AE5009613B8 /* CoreGraphics.framework in Frameworks */,
				722B11ED19B45AE5009613B8 /* UIKit.framework in Frameworks */,
				8C325EAD19C4C238005838A6 /* Parse.framework in Frameworks */,
				722B11E919B45AE5009613B8 /* Foundation.framework in Frameworks */,
			);
			runOnlyForDeploymentPostprocessing = 0;
		};
		722B120319B45AE5009613B8 /* Frameworks */ = {
			isa = PBXFrameworksBuildPhase;
			buildActionMask = 2147483647;
			files = (
				722B120819B45AE5009613B8 /* XCTest.framework in Frameworks */,
				722B120A19B45AE5009613B8 /* UIKit.framework in Frameworks */,
				722B120919B45AE5009613B8 /* Foundation.framework in Frameworks */,
			);
			runOnlyForDeploymentPostprocessing = 0;
		};
/* End PBXFrameworksBuildPhase section */

/* Begin PBXGroup section */
		722B11DC19B45AE5009613B8 = {
			isa = PBXGroup;
			children = (
				722B11EE19B45AE5009613B8 /* Library */,
				722B120D19B45AE5009613B8 /* LibraryTests */,
				722B11E719B45AE5009613B8 /* Frameworks */,
				722B11E619B45AE5009613B8 /* Products */,
			);
			sourceTree = "<group>";
		};
		722B11E619B45AE5009613B8 /* Products */ = {
			isa = PBXGroup;
			children = (
				722B11E519B45AE5009613B8 /* Library.app */,
				722B120619B45AE5009613B8 /* LibraryTests.xctest */,
			);
			name = Products;
			sourceTree = "<group>";
		};
		722B11E719B45AE5009613B8 /* Frameworks */ = {
			isa = PBXGroup;
			children = (
				B4F9217819C5417C0005C612 /* SystemConfiguration.framework */,
				B4F9217619C541720005C612 /* StoreKit.framework */,
				B4F9217419C5416A0005C612 /* Security.framework */,
				B4F9217219C541520005C612 /* MobileCoreServices.framework */,
				B4F9217019C541470005C612 /* libz.dylib */,
				B4F9216E19C5412A0005C612 /* CoreLocation.framework */,
				B4F9216C19C541130005C612 /* CFNetwork.framework */,
				B4F9216A19C541090005C612 /* AudioToolbox.framework */,
				8C325EA919C4C238005838A6 /* Bolts.framework */,
				8C325EAA19C4C238005838A6 /* Parse.framework */,
				8C325EAB19C4C238005838A6 /* ParseFacebookUtils.framework */,
				8C14562619B55A1C009616DE /* QuartzCore.framework */,
				722B11E819B45AE5009613B8 /* Foundation.framework */,
				722B11EA19B45AE5009613B8 /* CoreGraphics.framework */,
				722B11EC19B45AE5009613B8 /* UIKit.framework */,
				722B120719B45AE5009613B8 /* XCTest.framework */,
			);
			name = Frameworks;
			sourceTree = "<group>";
		};
		722B11EE19B45AE5009613B8 /* Library */ = {
			isa = PBXGroup;
			children = (
				B451E2A419C201020041E88C /* Utilities */,
				8C14561F19B5549F009616DE /* Constants.h */,
				8C14560A19B5547B009616DE /* View */,
				722B11F719B45AE5009613B8 /* AppDelegate.h */,
				722B11F819B45AE5009613B8 /* AppDelegate.m */,
				722B11FA19B45AE5009613B8 /* Main.storyboard */,
				722B120019B45AE5009613B8 /* Images.xcassets */,
				722B11EF19B45AE5009613B8 /* Supporting Files */,
			);
			path = Library;
			sourceTree = "<group>";
		};
		722B11EF19B45AE5009613B8 /* Supporting Files */ = {
			isa = PBXGroup;
			children = (
				722B11F019B45AE5009613B8 /* Library-Info.plist */,
				722B11F119B45AE5009613B8 /* InfoPlist.strings */,
				722B11F419B45AE5009613B8 /* main.m */,
				722B11F619B45AE5009613B8 /* Library-Prefix.pch */,
			);
			name = "Supporting Files";
			sourceTree = "<group>";
		};
		722B120D19B45AE5009613B8 /* LibraryTests */ = {
			isa = PBXGroup;
			children = (
				722B121319B45AE5009613B8 /* LibraryTests.m */,
				722B120E19B45AE5009613B8 /* Supporting Files */,
			);
			path = LibraryTests;
			sourceTree = "<group>";
		};
		722B120E19B45AE5009613B8 /* Supporting Files */ = {
			isa = PBXGroup;
			children = (
				722B120F19B45AE5009613B8 /* LibraryTests-Info.plist */,
				722B121019B45AE5009613B8 /* InfoPlist.strings */,
			);
			name = "Supporting Files";
			sourceTree = "<group>";
		};
		8C14560A19B5547B009616DE /* View */ = {
			isa = PBXGroup;
			children = (
				8C14560C19B5547B009616DE /* Login */,
				8C14560F19B5547B009616DE /* Main */,
				8C14561819B5547B009616DE /* SignUp */,
			);
			path = View;
			sourceTree = "<group>";
		};
		8C14560C19B5547B009616DE /* Login */ = {
			isa = PBXGroup;
			children = (
				8C14560D19B5547B009616DE /* LoginViewController.h */,
				8C14560E19B5547B009616DE /* LoginViewController.m */,
			);
			path = Login;
			sourceTree = "<group>";
		};
		8C14560F19B5547B009616DE /* Main */ = {
			isa = PBXGroup;
			children = (
				8C14561119B5547B009616DE /* Home */,
				8C14561019B5547B009616DE /* Book */,
				8C14561719B5547B009616DE /* Student */,
				8C14561419B5547B009616DE /* Setting */,
			);
			path = Main;
			sourceTree = "<group>";
		};
		8C14561019B5547B009616DE /* Book */ = {
			isa = PBXGroup;
			children = (
				8C14562319B5552B009616DE /* BooksViewController.h */,
				8C14562419B5552B009616DE /* BooksViewController.m */,
				72D2356C19B589A9003963E5 /* AddBookManualViewController.h */,
				72D2356D19B589A9003963E5 /* AddBookManualViewController.m */,
				72D2356F19B58F22003963E5 /* BookDetailViewController.h */,
				72D2357019B58F22003963E5 /* BookDetailViewController.m */,
				72D2357219B58F37003963E5 /* CheckOutBookViewController.h */,
				72D2357319B58F37003963E5 /* CheckOutBookViewController.m */,
				BA0AA97219BF33FA00A19E24 /* CheckInBookViewController.h */,
				BA0AA97319BF33FA00A19E24 /* CheckInBookViewController.m */,
				BA0AA97519BF34B600A19E24 /* EditBookViewController.h */,
				BA0AA97619BF34B600A19E24 /* EditBookViewController.m */,
				B4D042A919D06B7A003B76BE /* BookCell.h */,
				B4D042AA19D06B7A003B76BE /* BookCell.m */,
			);
			path = Book;
			sourceTree = "<group>";
		};
		8C14561119B5547B009616DE /* Home */ = {
			isa = PBXGroup;
			children = (
				8C14561219B5547B009616DE /* HomeViewController.h */,
				8C14561319B5547B009616DE /* HomeViewController.m */,
				B451E2AB19C20F010041E88C /* CheckInModalViewController.h */,
				B451E2AC19C20F010041E88C /* CheckInModalViewController.m */,
				B41FABED19C341430015A624 /* CheckOutModalViewController.h */,
				B41FABEE19C341430015A624 /* CheckOutModalViewController.m */,
			);
			path = Home;
			sourceTree = "<group>";
		};
		8C14561419B5547B009616DE /* Setting */ = {
			isa = PBXGroup;
			children = (
				8C14561519B5547B009616DE /* SettingsViewController.h */,
				8C14561619B5547B009616DE /* SettingsViewController.m */,
			);
			path = Setting;
			sourceTree = "<group>";
		};
		8C14561719B5547B009616DE /* Student */ = {
			isa = PBXGroup;
			children = (
				8C14562019B554DB009616DE /* StudentsViewController.h */,
				8C14562119B554DB009616DE /* StudentsViewController.m */,
				7233434D19B56D3B0039720C /* AddStudentViewController.h */,
				7233434E19B56D3B0039720C /* AddStudentViewController.m */,
				B47034F419CB29B900139B00 /* StudentCell.h */,
				B47034F519CB29B900139B00 /* StudentCell.m */,
				B4DD987619CC2E0A009A0D83 /* StudentDetailViewController.h */,
				B4DD987719CC2E0A009A0D83 /* StudentDetailViewController.m */,
			);
			path = Student;
			sourceTree = "<group>";
		};
		8C14561819B5547B009616DE /* SignUp */ = {
			isa = PBXGroup;
			children = (
				8C14561919B5547B009616DE /* SignUpViewController.h */,
				8C14561A19B5547B009616DE /* SignUpViewController.m */,
			);
			path = SignUp;
			sourceTree = "<group>";
		};
		B451E2A419C201020041E88C /* Utilities */ = {
			isa = PBXGroup;
			children = (
				B451E2A519C2011B0041E88C /* UIButton+AppButton.h */,
				B451E2A619C2011B0041E88C /* UIButton+AppButton.m */,
				B4F1452D19C73870005B595E /* Utilties.h */,
				B4F1452E19C73870005B595E /* Utilties.m */,
			);
			name = Utilities;
			sourceTree = "<group>";
		};
/* End PBXGroup section */

/* Begin PBXNativeTarget section */
		722B11E419B45AE5009613B8 /* Library */ = {
			isa = PBXNativeTarget;
			buildConfigurationList = 722B121719B45AE5009613B8 /* Build configuration list for PBXNativeTarget "Library" */;
			buildPhases = (
				722B11E119B45AE5009613B8 /* Sources */,
				722B11E219B45AE5009613B8 /* Frameworks */,
				722B11E319B45AE5009613B8 /* Resources */,
			);
			buildRules = (
			);
			dependencies = (
			);
			name = Library;
			productName = Library;
			productReference = 722B11E519B45AE5009613B8 /* Library.app */;
			productType = "com.apple.product-type.application";
		};
		722B120519B45AE5009613B8 /* LibraryTests */ = {
			isa = PBXNativeTarget;
			buildConfigurationList = 722B121A19B45AE5009613B8 /* Build configuration list for PBXNativeTarget "LibraryTests" */;
			buildPhases = (
				722B120219B45AE5009613B8 /* Sources */,
				722B120319B45AE5009613B8 /* Frameworks */,
				722B120419B45AE5009613B8 /* Resources */,
			);
			buildRules = (
			);
			dependencies = (
				722B120C19B45AE5009613B8 /* PBXTargetDependency */,
			);
			name = LibraryTests;
			productName = LibraryTests;
			productReference = 722B120619B45AE5009613B8 /* LibraryTests.xctest */;
			productType = "com.apple.product-type.bundle.unit-test";
		};
/* End PBXNativeTarget section */

/* Begin PBXProject section */
		722B11DD19B45AE5009613B8 /* Project object */ = {
			isa = PBXProject;
			attributes = {
				LastUpgradeCheck = 0510;
				ORGANIZATIONNAME = "___FULLUSERNAME___";
				TargetAttributes = {
					722B120519B45AE5009613B8 = {
						TestTargetID = 722B11E419B45AE5009613B8;
					};
				};
			};
			buildConfigurationList = 722B11E019B45AE5009613B8 /* Build configuration list for PBXProject "Library" */;
			compatibilityVersion = "Xcode 3.2";
			developmentRegion = English;
			hasScannedForEncodings = 0;
			knownRegions = (
				en,
				Base,
			);
			mainGroup = 722B11DC19B45AE5009613B8;
			productRefGroup = 722B11E619B45AE5009613B8 /* Products */;
			projectDirPath = "";
			projectRoot = "";
			targets = (
				722B11E419B45AE5009613B8 /* Library */,
				722B120519B45AE5009613B8 /* LibraryTests */,
			);
		};
/* End PBXProject section */

/* Begin PBXResourcesBuildPhase section */
		722B11E319B45AE5009613B8 /* Resources */ = {
			isa = PBXResourcesBuildPhase;
			buildActionMask = 2147483647;
			files = (
				722B120119B45AE5009613B8 /* Images.xcassets in Resources */,
				722B11F319B45AE5009613B8 /* InfoPlist.strings in Resources */,
				722B11FC19B45AE5009613B8 /* Main.storyboard in Resources */,
			);
			runOnlyForDeploymentPostprocessing = 0;
		};
		722B120419B45AE5009613B8 /* Resources */ = {
			isa = PBXResourcesBuildPhase;
			buildActionMask = 2147483647;
			files = (
				722B121219B45AE5009613B8 /* InfoPlist.strings in Resources */,
			);
			runOnlyForDeploymentPostprocessing = 0;
		};
/* End PBXResourcesBuildPhase section */

/* Begin PBXSourcesBuildPhase section */
		722B11E119B45AE5009613B8 /* Sources */ = {
			isa = PBXSourcesBuildPhase;
			buildActionMask = 2147483647;
			files = (
				72D2357119B58F22003963E5 /* BookDetailViewController.m in Sources */,
				B4D042AB19D06B7A003B76BE /* BookCell.m in Sources */,
				BA0AA97419BF33FA00A19E24 /* CheckInBookViewController.m in Sources */,
				B451E2A719C2011B0041E88C /* UIButton+AppButton.m in Sources */,
				722B11F919B45AE5009613B8 /* AppDelegate.m in Sources */,
				B47034F619CB29B900139B00 /* StudentCell.m in Sources */,
				B4DD987819CC2E0A009A0D83 /* StudentDetailViewController.m in Sources */,
				722B11F519B45AE5009613B8 /* main.m in Sources */,
				8C14561E19B5547B009616DE /* SignUpViewController.m in Sources */,
				7233434F19B56D3B0039720C /* AddStudentViewController.m in Sources */,
				8C14561D19B5547B009616DE /* SettingsViewController.m in Sources */,
				B451E2AD19C20F010041E88C /* CheckInModalViewController.m in Sources */,
				8C14561B19B5547B009616DE /* LoginViewController.m in Sources */,
				B4F1452F19C73870005B595E /* Utilties.m in Sources */,
				8C14562519B5552B009616DE /* BooksViewController.m in Sources */,
				B41FABEF19C341430015A624 /* CheckOutModalViewController.m in Sources */,
				72D2356E19B589A9003963E5 /* AddBookManualViewController.m in Sources */,
				8C14562219B554DB009616DE /* StudentsViewController.m in Sources */,
				8C14561C19B5547B009616DE /* HomeViewController.m in Sources */,
				72D2357419B58F37003963E5 /* CheckOutBookViewController.m in Sources */,
				BA0AA97719BF34B700A19E24 /* EditBookViewController.m in Sources */,
			);
			runOnlyForDeploymentPostprocessing = 0;
		};
		722B120219B45AE5009613B8 /* Sources */ = {
			isa = PBXSourcesBuildPhase;
			buildActionMask = 2147483647;
			files = (
				722B121419B45AE5009613B8 /* LibraryTests.m in Sources */,
			);
			runOnlyForDeploymentPostprocessing = 0;
		};
/* End PBXSourcesBuildPhase section */

/* Begin PBXTargetDependency section */
		722B120C19B45AE5009613B8 /* PBXTargetDependency */ = {
			isa = PBXTargetDependency;
			target = 722B11E419B45AE5009613B8 /* Library */;
			targetProxy = 722B120B19B45AE5009613B8 /* PBXContainerItemProxy */;
		};
/* End PBXTargetDependency section */

/* Begin PBXVariantGroup section */
		722B11F119B45AE5009613B8 /* InfoPlist.strings */ = {
			isa = PBXVariantGroup;
			children = (
				722B11F219B45AE5009613B8 /* en */,
			);
			name = InfoPlist.strings;
			sourceTree = "<group>";
		};
		722B11FA19B45AE5009613B8 /* Main.storyboard */ = {
			isa = PBXVariantGroup;
			children = (
				722B11FB19B45AE5009613B8 /* Base */,
			);
			name = Main.storyboard;
			sourceTree = "<group>";
		};
		722B121019B45AE5009613B8 /* InfoPlist.strings */ = {
			isa = PBXVariantGroup;
			children = (
				722B121119B45AE5009613B8 /* en */,
			);
			name = InfoPlist.strings;
			sourceTree = "<group>";
		};
/* End PBXVariantGroup section */

/* Begin XCBuildConfiguration section */
		722B121519B45AE5009613B8 /* Debug */ = {
			isa = XCBuildConfiguration;
			buildSettings = {
				ALWAYS_SEARCH_USER_PATHS = NO;
				CLANG_CXX_LANGUAGE_STANDARD = "gnu++0x";
				CLANG_CXX_LIBRARY = "libc++";
				CLANG_ENABLE_MODULES = YES;
				CLANG_ENABLE_OBJC_ARC = YES;
				CLANG_WARN_BOOL_CONVERSION = YES;
				CLANG_WARN_CONSTANT_CONVERSION = YES;
				CLANG_WARN_DIRECT_OBJC_ISA_USAGE = YES_ERROR;
				CLANG_WARN_EMPTY_BODY = YES;
				CLANG_WARN_ENUM_CONVERSION = YES;
				CLANG_WARN_INT_CONVERSION = YES;
				CLANG_WARN_OBJC_ROOT_CLASS = YES_ERROR;
				CLANG_WARN__DUPLICATE_METHOD_MATCH = YES;
				"CODE_SIGN_IDENTITY[sdk=iphoneos*]" = "iPhone Developer";
				COPY_PHASE_STRIP = NO;
				GCC_C_LANGUAGE_STANDARD = gnu99;
				GCC_DYNAMIC_NO_PIC = NO;
				GCC_OPTIMIZATION_LEVEL = 0;
				GCC_PREPROCESSOR_DEFINITIONS = (
					"DEBUG=1",
					"$(inherited)",
				);
				GCC_SYMBOLS_PRIVATE_EXTERN = NO;
				GCC_WARN_64_TO_32_BIT_CONVERSION = YES;
				GCC_WARN_ABOUT_RETURN_TYPE = YES_ERROR;
				GCC_WARN_UNDECLARED_SELECTOR = YES;
				GCC_WARN_UNINITIALIZED_AUTOS = YES_AGGRESSIVE;
				GCC_WARN_UNUSED_FUNCTION = YES;
				GCC_WARN_UNUSED_VARIABLE = YES;
				IPHONEOS_DEPLOYMENT_TARGET = 7.1;
				ONLY_ACTIVE_ARCH = YES;
				SDKROOT = iphoneos;
			};
			name = Debug;
		};
		722B121619B45AE5009613B8 /* Release */ = {
			isa = XCBuildConfiguration;
			buildSettings = {
				ALWAYS_SEARCH_USER_PATHS = NO;
				CLANG_CXX_LANGUAGE_STANDARD = "gnu++0x";
				CLANG_CXX_LIBRARY = "libc++";
				CLANG_ENABLE_MODULES = YES;
				CLANG_ENABLE_OBJC_ARC = YES;
				CLANG_WARN_BOOL_CONVERSION = YES;
				CLANG_WARN_CONSTANT_CONVERSION = YES;
				CLANG_WARN_DIRECT_OBJC_ISA_USAGE = YES_ERROR;
				CLANG_WARN_EMPTY_BODY = YES;
				CLANG_WARN_ENUM_CONVERSION = YES;
				CLANG_WARN_INT_CONVERSION = YES;
				CLANG_WARN_OBJC_ROOT_CLASS = YES_ERROR;
				CLANG_WARN__DUPLICATE_METHOD_MATCH = YES;
				"CODE_SIGN_IDENTITY[sdk=iphoneos*]" = "iPhone Developer";
				COPY_PHASE_STRIP = YES;
				ENABLE_NS_ASSERTIONS = NO;
				GCC_C_LANGUAGE_STANDARD = gnu99;
				GCC_WARN_64_TO_32_BIT_CONVERSION = YES;
				GCC_WARN_ABOUT_RETURN_TYPE = YES_ERROR;
				GCC_WARN_UNDECLARED_SELECTOR = YES;
				GCC_WARN_UNINITIALIZED_AUTOS = YES_AGGRESSIVE;
				GCC_WARN_UNUSED_FUNCTION = YES;
				GCC_WARN_UNUSED_VARIABLE = YES;
				IPHONEOS_DEPLOYMENT_TARGET = 7.1;
				SDKROOT = iphoneos;
				VALIDATE_PRODUCT = YES;
			};
			name = Release;
		};
		722B121819B45AE5009613B8 /* Debug */ = {
			isa = XCBuildConfiguration;
			buildSettings = {
				ASSETCATALOG_COMPILER_APPICON_NAME = AppIcon;
				ASSETCATALOG_COMPILER_LAUNCHIMAGE_NAME = LaunchImage;
				FRAMEWORK_SEARCH_PATHS = (
					"$(inherited)",
					"$(PROJECT_DIR)/parse-library-1.3.0",
				);
				GCC_PRECOMPILE_PREFIX_HEADER = YES;
				GCC_PREFIX_HEADER = "Library/Library-Prefix.pch";
				INFOPLIST_FILE = "Library/Library-Info.plist";
				IPHONEOS_DEPLOYMENT_TARGET = 7.0;
				PRODUCT_NAME = "$(TARGET_NAME)";
				WRAPPER_EXTENSION = app;
			};
			name = Debug;
		};
		722B121919B45AE5009613B8 /* Release */ = {
			isa = XCBuildConfiguration;
			buildSettings = {
				ASSETCATALOG_COMPILER_APPICON_NAME = AppIcon;
				ASSETCATALOG_COMPILER_LAUNCHIMAGE_NAME = LaunchImage;
				FRAMEWORK_SEARCH_PATHS = (
					"$(inherited)",
					"$(PROJECT_DIR)/parse-library-1.3.0",
				);
				GCC_PRECOMPILE_PREFIX_HEADER = YES;
				GCC_PREFIX_HEADER = "Library/Library-Prefix.pch";
				INFOPLIST_FILE = "Library/Library-Info.plist";
				IPHONEOS_DEPLOYMENT_TARGET = 7.0;
				PRODUCT_NAME = "$(TARGET_NAME)";
				WRAPPER_EXTENSION = app;
			};
			name = Release;
		};
		722B121B19B45AE5009613B8 /* Debug */ = {
			isa = XCBuildConfiguration;
			buildSettings = {
				BUNDLE_LOADER = "$(BUILT_PRODUCTS_DIR)/Library.app/Library";
				FRAMEWORK_SEARCH_PATHS = (
					"$(SDKROOT)/Developer/Library/Frameworks",
					"$(inherited)",
					"$(DEVELOPER_FRAMEWORKS_DIR)",
				);
				GCC_PRECOMPILE_PREFIX_HEADER = YES;
				GCC_PREFIX_HEADER = "Library/Library-Prefix.pch";
				GCC_PREPROCESSOR_DEFINITIONS = (
					"DEBUG=1",
					"$(inherited)",
				);
				INFOPLIST_FILE = "LibraryTests/LibraryTests-Info.plist";
				PRODUCT_NAME = "$(TARGET_NAME)";
				TEST_HOST = "$(BUNDLE_LOADER)";
				WRAPPER_EXTENSION = xctest;
			};
			name = Debug;
		};
		722B121C19B45AE5009613B8 /* Release */ = {
			isa = XCBuildConfiguration;
			buildSettings = {
				BUNDLE_LOADER = "$(BUILT_PRODUCTS_DIR)/Library.app/Library";
				FRAMEWORK_SEARCH_PATHS = (
					"$(SDKROOT)/Developer/Library/Frameworks",
					"$(inherited)",
					"$(DEVELOPER_FRAMEWORKS_DIR)",
				);
				GCC_PRECOMPILE_PREFIX_HEADER = YES;
				GCC_PREFIX_HEADER = "Library/Library-Prefix.pch";
				INFOPLIST_FILE = "LibraryTests/LibraryTests-Info.plist";
				PRODUCT_NAME = "$(TARGET_NAME)";
				TEST_HOST = "$(BUNDLE_LOADER)";
				WRAPPER_EXTENSION = xctest;
			};
			name = Release;
		};
/* End XCBuildConfiguration section */

/* Begin XCConfigurationList section */
		722B11E019B45AE5009613B8 /* Build configuration list for PBXProject "Library" */ = {
			isa = XCConfigurationList;
			buildConfigurations = (
				722B121519B45AE5009613B8 /* Debug */,
				722B121619B45AE5009613B8 /* Release */,
			);
			defaultConfigurationIsVisible = 0;
			defaultConfigurationName = Release;
		};
		722B121719B45AE5009613B8 /* Build configuration list for PBXNativeTarget "Library" */ = {
			isa = XCConfigurationList;
			buildConfigurations = (
				722B121819B45AE5009613B8 /* Debug */,
				722B121919B45AE5009613B8 /* Release */,
			);
			defaultConfigurationIsVisible = 0;
			defaultConfigurationName = Release;
		};
		722B121A19B45AE5009613B8 /* Build configuration list for PBXNativeTarget "LibraryTests" */ = {
			isa = XCConfigurationList;
			buildConfigurations = (
				722B121B19B45AE5009613B8 /* Debug */,
				722B121C19B45AE5009613B8 /* Release */,
			);
			defaultConfigurationIsVisible = 0;
			defaultConfigurationName = Release;
		};
/* End XCConfigurationList section */
	};
	rootObject = 722B11DD19B45AE5009613B8 /* Project object */;
}
